Microsoft Visual Studio Solution File, Format Version 12.00
# Visual Studio Version 17
VisualStudioVersion = 17.14.35821.62
MinimumVisualStudioVersion = 10.0.40219.1
Project("{FAE04EC0-301F-11D3-BF4B-00C04F79EFBC}") = "Boost_C-Sharp_CRUD", "Boost_C-Sharp_CRUD\Boost_C-Sharp_CRUD.csproj", "{6FB0FB43-32D9-4FDE-865B-6B69004B1882}"
EndProject
Global
	GlobalSection(SolutionConfigurationPlatforms) = preSolution
		Debug|Any CPU = Debug|Any CPU
		Release|Any CPU = Release|Any CPU
	EndGlobalSection
	GlobalSection(ProjectConfigurationPlatforms) = postSolution
		{6FB0FB43-32D9-4FDE-865B-6B69004B1882}.Debug|Any CPU.ActiveCfg = Debug|Any CPU
		{6FB0FB43-32D9-4FDE-865B-6B69004B1882}.Debug|Any CPU.Build.0 = Debug|Any CPU
		{6FB0FB43-32D9-4FDE-865B-6B69004B1882}.Release|Any CPU.ActiveCfg = Release|Any CPU
		{6FB0FB43-32D9-4FDE-865B-6B69004B1882}.Release|Any CPU.Build.0 = Release|Any CPU
	EndGlobalSection
	GlobalSection(SolutionProperties) = preSolution
		HideSolutionNode = FALSE
	EndGlobalSection
	GlobalSection(ExtensibilityGlobals) = postSolution
		SolutionGuid = {F640788E-8317-4294-B753-611F1111F847}
	EndGlobalSection
EndGlobal
